
Microsoft Visual Studio Solution File, Format Version 12.00
# Visual Studio Version 16
VisualStudioVersion = 16.0.29613.14
MinimumVisualStudioVersion = 10.0.40219.1
Project("{FAE04EC0-301F-11D3-BF4B-00C04F79EFBC}") = "TestNinja", "TestNinja\TestNinja.csproj", "{AC9CE178-8899-42E6-B2CA-6319D58C6B1F}"
EndProject
Project("{FAE04EC0-301F-11D3-BF4B-00C04F79EFBC}") = "TestNinja.UnitTests", "TestNinja.UnitTests\TestNinja.UnitTests.csproj", "{D1E1810C-1892-4CAA-9E31-0F0985CAB7BF}"
EndProject
Global
	GlobalSection(SolutionConfigurationPlatforms) = preSolution
		Debug|Any CPU = Debug|Any CPU
		Release|Any CPU = Release|Any CPU
	EndGlobalSection
	GlobalSection(ProjectConfigurationPlatforms) = postSolution
		{AC9CE178-8899-42E6-B2CA-6319D58C6B1F}.Debug|Any CPU.ActiveCfg = Debug|Any CPU
		{AC9CE178-8899-42E6-B2CA-6319D58C6B1F}.Debug|Any CPU.Build.0 = Debug|Any CPU
		{AC9CE178-8899-42E6-B2CA-6319D58C6B1F}.Release|Any CPU.ActiveCfg = Release|Any CPU
		{AC9CE178-8899-42E6-B2CA-6319D58C6B1F}.Release|Any CPU.Build.0 = Release|Any CPU
		{D1E1810C-1892-4CAA-9E31-0F0985CAB7BF}.Debug|Any CPU.ActiveCfg = Debug|Any CPU
		{D1E1810C-1892-4CAA-9E31-0F0985CAB7BF}.Debug|Any CPU.Build.0 = Debug|Any CPU
		{D1E1810C-1892-4CAA-9E31-0F0985CAB7BF}.Release|Any CPU.ActiveCfg = Release|Any CPU
		{D1E1810C-1892-4CAA-9E31-0F0985CAB7BF}.Release|Any CPU.Build.0 = Release|Any CPU
	EndGlobalSection
	GlobalSection(SolutionProperties) = preSolution
		HideSolutionNode = FALSE
	EndGlobalSection
	GlobalSection(ExtensibilityGlobals) = postSolution
		SolutionGuid = {23694E32-C5DD-489D-B781-852D625813CB}
	EndGlobalSection
EndGlobal
